
Microsoft Visual Studio Solution File, Format Version 12.00
# Visual Studio 2015
Project("{FAE04EC0-301F-11D3-BF4B-00C04F79EFBC}") = "RotaPelota.CSharp.Plugins", "RotaPelota.CSharp.Plugins.csproj", "{319F9FF3-EB0B-F525-F379-D6FC8BADB521}"
EndProject
Project("{FAE04EC0-301F-11D3-BF4B-00C04F79EFBC}") = "RotaPelota.CSharp", "RotaPelota.CSharp.csproj", "{34CB374C-2508-537D-15AE-C37FF6753E85}"
EndProject
Project("{FAE04EC0-301F-11D3-BF4B-00C04F79EFBC}") = "RotaPelota.CSharp.Editor", "RotaPelota.CSharp.Editor.csproj", "{34932366-521E-EF10-33C3-C37B312186BB}"
EndProject
Global
	GlobalSection(SolutionConfigurationPlatforms) = preSolution
		Debug|Any CPU = Debug|Any CPU
		Release|Any CPU = Release|Any CPU
	EndGlobalSection
	GlobalSection(ProjectConfigurationPlatforms) = postSolution
		{319F9FF3-EB0B-F525-F379-D6FC8BADB521}.Debug|Any CPU.ActiveCfg = Debug|Any CPU
		{319F9FF3-EB0B-F525-F379-D6FC8BADB521}.Debug|Any CPU.Build.0 = Debug|Any CPU
		{319F9FF3-EB0B-F525-F379-D6FC8BADB521}.Release|Any CPU.ActiveCfg = Release|Any CPU
		{319F9FF3-EB0B-F525-F379-D6FC8BADB521}.Release|Any CPU.Build.0 = Release|Any CPU
		{34CB374C-2508-537D-15AE-C37FF6753E85}.Debug|Any CPU.ActiveCfg = Debug|Any CPU
		{34CB374C-2508-537D-15AE-C37FF6753E85}.Debug|Any CPU.Build.0 = Debug|Any CPU
		{34CB374C-2508-537D-15AE-C37FF6753E85}.Release|Any CPU.ActiveCfg = Release|Any CPU
		{34CB374C-2508-537D-15AE-C37FF6753E85}.Release|Any CPU.Build.0 = Release|Any CPU
		{34932366-521E-EF10-33C3-C37B312186BB}.Debug|Any CPU.ActiveCfg = Debug|Any CPU
		{34932366-521E-EF10-33C3-C37B312186BB}.Debug|Any CPU.Build.0 = Debug|Any CPU
		{34932366-521E-EF10-33C3-C37B312186BB}.Release|Any CPU.ActiveCfg = Release|Any CPU
		{34932366-521E-EF10-33C3-C37B312186BB}.Release|Any CPU.Build.0 = Release|Any CPU
	EndGlobalSection
	GlobalSection(SolutionProperties) = preSolution
		HideSolutionNode = FALSE
	EndGlobalSection
EndGlobal
